{
  "version": 4,
  "terraform_version": "0.13.4",
  "serial": 571,
  "lineage": "1bb11d03-1438-35b4-86d5-f437fc28ba70",
  "outputs": {},
  "resources": [
    {
      "mode": "data",
      "type": "template_file",
      "name": "s3_bucket_policy_template",
      "provider": "provider[\"registry.terraform.io/hashicorp/template\"]",
      "instances": [
        {
          "schema_version": 0,
          "attributes": {
            "filename": null,
            "id": "728788aab7eb6f7fc38ebff72d381f17cc345b3c9d6d2acc528060adfd624e44",
            "rendered": "{\n    \"Version\": \"2012-10-17\",\n    \"Id\": \"PolicyForCloudFrontPrivateContent\",\n    \"Statement\": [\n        {\n            \n            \"Effect\": \"Allow\",\n            \"Principal\": {\n                \"AWS\": \"arn:aws:iam::cloudfront:user/CloudFront Origin Access Identity E2BDEXBTJTO4J0\"\n            },\n            \"Action\": \"s3:GetObject\",\n            \"Resource\": \"arn:aws:s3:::dev-olzkossf80wl-gateway-pagamentos/*\"\n        },\n        {\n            \"Effect\": \"Allow\",\n            \"Principal\": {\n                \"AWS\": \"arn:aws:iam::cloudfront:user/CloudFront Origin Access Identity E2BDEXBTJTO4J0\"\n            },\n            \"Action\": \"s3:ListBucket\",\n            \"Resource\": \"arn:aws:s3:::dev-olzkossf80wl-gateway-pagamentos\"\n\n        }\n    ]\n}\n",
            "template": "{\n    \"Version\": \"2012-10-17\",\n    \"Id\": \"PolicyForCloudFrontPrivateContent\",\n    \"Statement\": [\n        {\n            \n            \"Effect\": \"Allow\",\n            \"Principal\": {\n                \"AWS\": \"${origin_access_identity}\"\n            },\n            \"Action\": \"s3:GetObject\",\n            \"Resource\": \"${bucket_arn}/*\"\n        },\n        {\n            \"Effect\": \"Allow\",\n            \"Principal\": {\n                \"AWS\": \"${origin_access_identity}\"\n            },\n            \"Action\": \"s3:ListBucket\",\n            \"Resource\": \"${bucket_arn}\"\n\n        }\n    ]\n}\n",
            "vars": {
              "bucket_arn": "arn:aws:s3:::dev-olzkossf80wl-gateway-pagamentos",
              "origin_access_identity": "arn:aws:iam::cloudfront:user/CloudFront Origin Access Identity E2BDEXBTJTO4J0"
            }
          }
        }
      ]
    },
    {
      "mode": "managed",
      "type": "aws_api_gateway_rest_api",
      "name": "one",
      "provider": "provider[\"registry.terraform.io/hashicorp/aws\"]",
      "instances": [
        {
          "schema_version": 0,
          "attributes": {
            "api_key_source": "HEADER",
            "arn": "arn:aws:apigateway:us-east-1::/restapis/sqck73qloj",
            "binary_media_types": null,
            "body": null,
            "created_date": "2020-10-20T14:38:57Z",
            "description": "",
            "endpoint_configuration": [
              {
                "types": [
                  "EDGE"
                ],
                "vpc_endpoint_ids": []
              }
            ],
            "execution_arn": "arn:aws:execute-api:us-east-1:013812014207:sqck73qloj",
            "id": "sqck73qloj",
            "minimum_compression_size": -1,
            "name": "api_gateway",
            "policy": "",
            "root_resource_id": "cty8dp4ale",
            "tags": null
          },
          "private": "bnVsbA=="
        }
      ]
    },
    {
      "mode": "managed",
      "type": "aws_cloudfront_distribution",
      "name": "one",
      "provider": "provider[\"registry.terraform.io/hashicorp/aws\"]",
      "instances": [
        {
          "schema_version": 1,
          "attributes": {
            "aliases": null,
            "arn": "arn:aws:cloudfront::013812014207:distribution/E2YVYZKN50SLBC",
            "caller_reference": "terraform-20201020143906435700000002",
            "comment": null,
            "custom_error_response": [
              {
                "error_caching_min_ttl": null,
                "error_code": 404,
                "response_code": 404,
                "response_page_path": "/index.html"
              }
            ],
            "default_cache_behavior": [
              {
                "allowed_methods": [
                  "GET",
                  "HEAD"
                ],
                "cached_methods": [
                  "GET",
                  "HEAD"
                ],
                "compress": false,
                "default_ttl": 3600,
                "field_level_encryption_id": "",
                "forwarded_values": [
                  {
                    "cookies": [
                      {
                        "forward": "none",
                        "whitelisted_names": null
                      }
                    ],
                    "headers": null,
                    "query_string": false,
                    "query_string_cache_keys": null
                  }
                ],
                "lambda_function_association": [],
                "max_ttl": 86400,
                "min_ttl": 0,
                "smooth_streaming": false,
                "target_origin_id": "S3-dev-olzkossf80wl-gateway-pagamentos",
                "trusted_signers": null,
                "viewer_protocol_policy": "allow-all"
              }
            ],
            "default_root_object": "index.html",
            "domain_name": "d3so6bdhaw2pfj.cloudfront.net",
            "enabled": true,
            "etag": "E1S3TTEJKA9PHW",
            "hosted_zone_id": "Z2FDTNDATAQYW2",
            "http_version": "http2",
            "id": "E2YVYZKN50SLBC",
            "in_progress_validation_batches": 0,
            "is_ipv6_enabled": true,
            "last_modified_time": "2020-10-20 14:39:06.934 +0000 UTC",
            "logging_config": [],
            "ordered_cache_behavior": [],
            "origin": [
              {
                "custom_header": [],
                "custom_origin_config": [],
                "domain_name": "dev-olzkossf80wl-gateway-pagamentos.s3.amazonaws.com",
                "origin_id": "S3-dev-olzkossf80wl-gateway-pagamentos",
                "origin_path": "",
                "s3_origin_config": [
                  {
                    "origin_access_identity": "origin-access-identity/cloudfront/E2BDEXBTJTO4J0"
                  }
                ]
              }
            ],
            "origin_group": [],
            "price_class": "PriceClass_All",
            "restrictions": [
              {
                "geo_restriction": [
                  {
                    "locations": null,
                    "restriction_type": "none"
                  }
                ]
              }
            ],
            "retain_on_delete": false,
            "status": "Deployed",
            "tags": null,
            "trusted_signers": [
              {
                "enabled": false,
                "items": []
              }
            ],
            "viewer_certificate": [
              {
                "acm_certificate_arn": "",
                "cloudfront_default_certificate": true,
                "iam_certificate_id": "",
                "minimum_protocol_version": "TLSv1",
                "ssl_support_method": ""
              }
            ],
            "wait_for_deployment": true,
            "web_acl_id": ""
          },
          "private": "eyJzY2hlbWFfdmVyc2lvbiI6IjEifQ==",
          "dependencies": [
            "aws_cloudfront_origin_access_identity.default",
            "aws_s3_bucket.one",
            "random_string.bucket-id"
          ]
        }
      ]
    },
    {
      "mode": "managed",
      "type": "aws_cloudfront_origin_access_identity",
      "name": "default",
      "provider": "provider[\"registry.terraform.io/hashicorp/aws\"]",
      "instances": [
        {
          "schema_version": 0,
          "attributes": {
            "caller_reference": "terraform-20201020143856403300000001",
            "cloudfront_access_identity_path": "origin-access-identity/cloudfront/E2BDEXBTJTO4J0",
            "comment": "",
            "etag": "E25ZDMXPCOOBTL",
            "iam_arn": "arn:aws:iam::cloudfront:user/CloudFront Origin Access Identity E2BDEXBTJTO4J0",
            "id": "E2BDEXBTJTO4J0",
            "s3_canonical_user_id": "b2d7b745d7c4d2cead0de53a321ceac126068fd2673003931f7253523d2beb4c3718e046995f7c79da0ab53830890710"
          },
          "private": "bnVsbA=="
        }
      ]
    },
    {
      "mode": "managed",
      "type": "aws_s3_bucket",
      "name": "one",
      "provider": "provider[\"registry.terraform.io/hashicorp/aws\"]",
      "instances": [
        {
          "schema_version": 0,
          "attributes": {
            "acceleration_status": "",
            "acl": "private",
            "arn": "arn:aws:s3:::dev-olzkossf80wl-gateway-pagamentos",
            "bucket": "dev-olzkossf80wl-gateway-pagamentos",
            "bucket_domain_name": "dev-olzkossf80wl-gateway-pagamentos.s3.amazonaws.com",
            "bucket_prefix": null,
            "bucket_regional_domain_name": "dev-olzkossf80wl-gateway-pagamentos.s3.amazonaws.com",
            "cors_rule": [
              {
                "allowed_headers": null,
                "allowed_methods": [
                  "GET"
                ],
                "allowed_origins": [
                  "*"
                ],
                "expose_headers": null,
                "max_age_seconds": 0
              }
            ],
            "force_destroy": false,
            "grant": [],
            "hosted_zone_id": "Z3AQBSTGFYJSTF",
            "id": "dev-olzkossf80wl-gateway-pagamentos",
            "lifecycle_rule": [],
            "logging": [],
            "object_lock_configuration": [],
            "policy": null,
            "region": "us-east-1",
            "replication_configuration": [],
            "request_payer": "BucketOwner",
            "server_side_encryption_configuration": [],
            "tags": null,
            "versioning": [
              {
                "enabled": false,
                "mfa_delete": false
              }
            ],
            "website": [
              {
                "error_document": "index.html",
                "index_document": "index.html",
                "redirect_all_requests_to": "",
                "routing_rules": ""
              }
            ],
            "website_domain": "s3-website-us-east-1.amazonaws.com",
            "website_endpoint": "dev-olzkossf80wl-gateway-pagamentos.s3-website-us-east-1.amazonaws.com"
          },
          "private": "bnVsbA==",
          "dependencies": [
            "random_string.bucket-id"
          ]
        }
      ]
    },
    {
      "mode": "managed",
      "type": "aws_s3_bucket_policy",
      "name": "one",
      "provider": "provider[\"registry.terraform.io/hashicorp/aws\"]",
      "instances": [
        {
          "schema_version": 0,
          "attributes": {
            "bucket": "dev-olzkossf80wl-gateway-pagamentos",
            "id": "dev-olzkossf80wl-gateway-pagamentos",
            "policy": "{\n    \"Version\": \"2012-10-17\",\n    \"Id\": \"PolicyForCloudFrontPrivateContent\",\n    \"Statement\": [\n        {\n            \n            \"Effect\": \"Allow\",\n            \"Principal\": {\n                \"AWS\": \"arn:aws:iam::cloudfront:user/CloudFront Origin Access Identity E2BDEXBTJTO4J0\"\n            },\n            \"Action\": \"s3:GetObject\",\n            \"Resource\": \"arn:aws:s3:::dev-olzkossf80wl-gateway-pagamentos/*\"\n        },\n        {\n            \"Effect\": \"Allow\",\n            \"Principal\": {\n                \"AWS\": \"arn:aws:iam::cloudfront:user/CloudFront Origin Access Identity E2BDEXBTJTO4J0\"\n            },\n            \"Action\": \"s3:ListBucket\",\n            \"Resource\": \"arn:aws:s3:::dev-olzkossf80wl-gateway-pagamentos\"\n\n        }\n    ]\n}\n"
          },
          "private": "bnVsbA==",
          "dependencies": [
            "aws_cloudfront_origin_access_identity.default",
            "aws_s3_bucket.one",
            "data.template_file.s3_bucket_policy_template",
            "random_string.bucket-id"
          ]
        }
      ]
    },
    {
      "mode": "managed",
      "type": "aws_s3_bucket_public_access_block",
      "name": "one",
      "provider": "provider[\"registry.terraform.io/hashicorp/aws\"]",
      "instances": [
        {
          "schema_version": 0,
          "attributes": {
            "block_public_acls": true,
            "block_public_policy": true,
            "bucket": "dev-olzkossf80wl-gateway-pagamentos",
            "id": "dev-olzkossf80wl-gateway-pagamentos",
            "ignore_public_acls": true,
            "restrict_public_buckets": true
          },
          "private": "bnVsbA==",
          "dependencies": [
            "aws_s3_bucket.one",
            "random_string.bucket-id"
          ]
        }
      ]
    },
    {
      "mode": "managed",
      "type": "local_file",
      "name": "api_gateway",
      "provider": "provider[\"registry.terraform.io/hashicorp/local\"]",
      "instances": [
        {
          "schema_version": 0,
          "attributes": {
            "content": "id: sqck73qloj \nname: api_gateway",
            "content_base64": null,
            "directory_permission": "0777",
            "file_permission": "0777",
            "filename": "logs/api_gateway_data.txt",
            "id": "f202819c4a0c1637ce4e1ba5fe69b5c3bf66caf6",
            "sensitive_content": null,
            "source": null
          },
          "private": "bnVsbA==",
          "dependencies": [
            "aws_api_gateway_rest_api.one"
          ]
        }
      ]
    },
    {
      "mode": "managed",
      "type": "random_string",
      "name": "bucket-id",
      "provider": "provider[\"registry.terraform.io/hashicorp/random\"]",
      "instances": [
        {
          "schema_version": 1,
          "attributes": {
            "id": "olzkossf80wl",
            "keepers": null,
            "length": 12,
            "lower": true,
            "min_lower": 0,
            "min_numeric": 0,
            "min_special": 0,
            "min_upper": 0,
            "number": true,
            "override_special": null,
            "result": "olzkossf80wl",
            "special": false,
            "upper": false
          },
          "private": "eyJzY2hlbWFfdmVyc2lvbiI6IjEifQ=="
        }
      ]
    }
  ]
}
